PODS:
  - HDAugmentedReality (2.4.0)

DEPENDENCIES:
  - HDAugmentedReality (from `../`)

EXTERNAL SOURCES:
  HDAugmentedReality:
    :path: "../"

SPEC CHECKSUMS:
  HDAugmentedReality: 7a6afcd7792b9b4e5b3cc6069302a19e5ddbfdec

PODFILE CHECKSUM: f7912dea3f2bcd20e2c73663c86839b1e1f82ebc

COCOAPODS: 1.8.4
