PODS:
  - HDAugmentedReality (3.0.0)

DEPENDENCIES:
  - HDAugmentedReality (from `../`)

EXTERNAL SOURCES:
  HDAugmentedReality:
    :path: "../"

SPEC CHECKSUMS:
  HDAugmentedReality: 6073ef86f4c3601c82df9a9ceeb963fe06ea431a

PODFILE CHECKSUM: 7fe0b00a8642790c16137e59c6046bc58bb72868

COCOAPODS: 1.7.2
