PODS:
  - HDAugmentedReality (2.5.0)

DEPENDENCIES:
  - HDAugmentedReality (from `../`)

EXTERNAL SOURCES:
  HDAugmentedReality:
    :path: "../"

SPEC CHECKSUMS:
  HDAugmentedReality: 228fec1c523d22e0fa7dc094cbba7b33a1157e2d

PODFILE CHECKSUM: f7912dea3f2bcd20e2c73663c86839b1e1f82ebc

COCOAPODS: 1.8.4
